
Microsoft Visual Studio Solution File, Format Version 12.00
# Visual Studio Version 17
VisualStudioVersion = 17.3.32811.315
MinimumVisualStudioVersion = 10.0.40219.1
Project("{FAE04EC0-301F-11D3-BF4B-00C04F79EFBC}") = "TruongGiaTan_KtraFE", "TruongGiaTan_KtraFE.csproj", "{1A757D29-0CF1-4005-84ED-593B2B769163}"
EndProject
Global
	GlobalSection(SolutionConfigurationPlatforms) = preSolution
		Debug|Any CPU = Debug|Any CPU
		Release|Any CPU = Release|Any CPU
	EndGlobalSection
	GlobalSection(ProjectConfigurationPlatforms) = postSolution
		{1A757D29-0CF1-4005-84ED-593B2B769163}.Debug|Any CPU.ActiveCfg = Debug|Any CPU
		{1A757D29-0CF1-4005-84ED-593B2B769163}.Debug|Any CPU.Build.0 = Debug|Any CPU
		{1A757D29-0CF1-4005-84ED-593B2B769163}.Release|Any CPU.ActiveCfg = Release|Any CPU
		{1A757D29-0CF1-4005-84ED-593B2B769163}.Release|Any CPU.Build.0 = Release|Any CPU
	EndGlobalSection
	GlobalSection(SolutionProperties) = preSolution
		HideSolutionNode = FALSE
	EndGlobalSection
	GlobalSection(ExtensibilityGlobals) = postSolution
		SolutionGuid = {E7B9A734-0C4E-4C99-A5A8-FE72FA952400}
	EndGlobalSection
EndGlobal
